// !$*UTF8*$!
{
	archiveVersion = 1;
	classes = {
	};
	objectVersion = 55;
	objects = {

/* Begin PBXBuildFile section */
		24A69ED328C969B500AF2536 /* AppDelegate.swift in Sources */ = {isa = PBXBuildFile; fileRef = 24A69ED228C969B500AF2536 /* AppDelegate.swift */; };
		24A69ED528C969B500AF2536 /* SceneDelegate.swift in Sources */ = {isa = PBXBuildFile; fileRef = 24A69ED428C969B500AF2536 /* SceneDelegate.swift */; };
		24A69ED728C969B500AF2536 /* MoviesViewController.swift in Sources */ = {isa = PBXBuildFile; fileRef = 24A69ED628C969B500AF2536 /* MoviesViewController.swift */; };
		24A69EDA28C969B500AF2536 /* Main.storyboard in Resources */ = {isa = PBXBuildFile; fileRef = 24A69ED828C969B500AF2536 /* Main.storyboard */; };
		24A69EDC28C969B900AF2536 /* Assets.xcassets in Resources */ = {isa = PBXBuildFile; fileRef = 24A69EDB28C969B900AF2536 /* Assets.xcassets */; };
		24A69EDF28C969B900AF2536 /* LaunchScreen.storyboard in Resources */ = {isa = PBXBuildFile; fileRef = 24A69EDD28C969B900AF2536 /* LaunchScreen.storyboard */; };
		24A69EEA28C969B900AF2536 /* FlixTests.swift in Sources */ = {isa = PBXBuildFile; fileRef = 24A69EE928C969B900AF2536 /* FlixTests.swift */; };
		24A69EF428C969B900AF2536 /* FlixUITests.swift in Sources */ = {isa = PBXBuildFile; fileRef = 24A69EF328C969B900AF2536 /* FlixUITests.swift */; };
		24A69EF628C969B900AF2536 /* FlixUITestsLaunchTests.swift in Sources */ = {isa = PBXBuildFile; fileRef = 24A69EF528C969B900AF2536 /* FlixUITestsLaunchTests.swift */; };
		24A69F0328C9761400AF2536 /* MovieCell.swift in Sources */ = {isa = PBXBuildFile; fileRef = 24A69F0228C9761300AF2536 /* MovieCell.swift */; };
		24A69F0628C97B2900AF2536 /* AlamofireImage in Frameworks */ = {isa = PBXBuildFile; productRef = 24A69F0528C97B2900AF2536 /* AlamofireImage */; };
/* End PBXBuildFile section */

/* Begin PBXContainerItemProxy section */
		24A69EE628C969B900AF2536 /* PBXContainerItemProxy */ = {
			isa = PBXContainerItemProxy;
			containerPortal = 24A69EC728C969B500AF2536 /* Project object */;
			proxyType = 1;
			remoteGlobalIDString = 24A69ECE28C969B500AF2536;
			remoteInfo = Flix;
		};
		24A69EF028C969B900AF2536 /* PBXContainerItemProxy */ = {
			isa = PBXContainerItemProxy;
			containerPortal = 24A69EC728C969B500AF2536 /* Project object */;
			proxyType = 1;
			remoteGlobalIDString = 24A69ECE28C969B500AF2536;
			remoteInfo = Flix;
		};
/* End PBXContainerItemProxy section */

/* Begin PBXFileReference section */
		24A69ECF28C969B500AF2536 /* Flix.app */ = {isa = PBXFileReference; explicitFileType = wrapper.application; includeInIndex = 0; path = Flix.app; sourceTree = BUILT_PRODUCTS_DIR; };
		24A69ED228C969B500AF2536 /* AppDelegate.swift */ = {isa = PBXFileReference; lastKnownFileType = sourcecode.swift; path = AppDelegate.swift; sourceTree = "<group>"; };
		24A69ED428C969B500AF2536 /* SceneDelegate.swift */ = {isa = PBXFileReference; lastKnownFileType = sourcecode.swift; path = SceneDelegate.swift; sourceTree = "<group>"; };
		24A69ED628C969B500AF2536 /* MoviesViewController.swift */ = {isa = PBXFileReference; lastKnownFileType = sourcecode.swift; path = MoviesViewController.swift; sourceTree = "<group>"; };
		24A69ED928C969B500AF2536 /* Base */ = {isa = PBXFileReference; lastKnownFileType = file.storyboard; name = Base; path = Base.lproj/Main.storyboard; sourceTree = "<group>"; };
		24A69EDB28C969B900AF2536 /* Assets.xcassets */ = {isa = PBXFileReference; lastKnownFileType = folder.assetcatalog; path = Assets.xcassets; sourceTree = "<group>"; };
		24A69EDE28C969B900AF2536 /* Base */ = {isa = PBXFileReference; lastKnownFileType = file.storyboard; name = Base; path = Base.lproj/LaunchScreen.storyboard; sourceTree = "<group>"; };
		24A69EE028C969B900AF2536 /* Info.plist */ = {isa = PBXFileReference; lastKnownFileType = text.plist.xml; path = Info.plist; sourceTree = "<group>"; };
		24A69EE528C969B900AF2536 /* FlixTests.xctest */ = {isa = PBXFileReference; explicitFileType = wrapper.cfbundle; includeInIndex = 0; path = FlixTests.xctest; sourceTree = BUILT_PRODUCTS_DIR; };
		24A69EE928C969B900AF2536 /* FlixTests.swift */ = {isa = PBXFileReference; lastKnownFileType = sourcecode.swift; path = FlixTests.swift; sourceTree = "<group>"; };
		24A69EEF28C969B900AF2536 /* FlixUITests.xctest */ = {isa = PBXFileReference; explicitFileType = wrapper.cfbundle; includeInIndex = 0; path = FlixUITests.xctest; sourceTree = BUILT_PRODUCTS_DIR; };
		24A69EF328C969B900AF2536 /* FlixUITests.swift */ = {isa = PBXFileReference; lastKnownFileType = sourcecode.swift; path = FlixUITests.swift; sourceTree = "<group>"; };
		24A69EF528C969B900AF2536 /* FlixUITestsLaunchTests.swift */ = {isa = PBXFileReference; lastKnownFileType = sourcecode.swift; path = FlixUITestsLaunchTests.swift; sourceTree = "<group>"; };
		24A69F0228C9761300AF2536 /* MovieCell.swift */ = {isa = PBXFileReference; lastKnownFileType = sourcecode.swift; path = MovieCell.swift; sourceTree = "<group>"; };
/* End PBXFileReference section */

/* Begin PBXFrameworksBuildPhase section */
		24A69ECC28C969B500AF2536 /* Frameworks */ = {
			isa = PBXFrameworksBuildPhase;
			buildActionMask = 2147483647;
			files = (
				24A69F0628C97B2900AF2536 /* AlamofireImage in Frameworks */,
			);
			runOnlyForDeploymentPostprocessing = 0;
		};
		24A69EE228C969B900AF2536 /* Frameworks */ = {
			isa = PBXFrameworksBuildPhase;
			buildActionMask = 2147483647;
			files = (
			);
			runOnlyForDeploymentPostprocessing = 0;
		};
		24A69EEC28C969B900AF2536 /* Frameworks */ = {
			isa = PBXFrameworksBuildPhase;
			buildActionMask = 2147483647;
			files = (
			);
			runOnlyForDeploymentPostprocessing = 0;
		};
/* End PBXFrameworksBuildPhase section */

/* Begin PBXGroup section */
		24A69EC628C969B500AF2536 = {
			isa = PBXGroup;
			children = (
				24A69ED128C969B500AF2536 /* Flix */,
				24A69EE828C969B900AF2536 /* FlixTests */,
				24A69EF228C969B900AF2536 /* FlixUITests */,
				24A69ED028C969B500AF2536 /* Products */,
			);
			sourceTree = "<group>";
		};
		24A69ED028C969B500AF2536 /* Products */ = {
			isa = PBXGroup;
			children = (
				24A69ECF28C969B500AF2536 /* Flix.app */,
				24A69EE528C969B900AF2536 /* FlixTests.xctest */,
				24A69EEF28C969B900AF2536 /* FlixUITests.xctest */,
			);
			name = Products;
			sourceTree = "<group>";
		};
		24A69ED128C969B500AF2536 /* Flix */ = {
			isa = PBXGroup;
			children = (
				24A69ED228C969B500AF2536 /* AppDelegate.swift */,
				24A69ED428C969B500AF2536 /* SceneDelegate.swift */,
				24A69ED628C969B500AF2536 /* MoviesViewController.swift */,
				24A69ED828C969B500AF2536 /* Main.storyboard */,
				24A69F0228C9761300AF2536 /* MovieCell.swift */,
				24A69EDB28C969B900AF2536 /* Assets.xcassets */,
				24A69EDD28C969B900AF2536 /* LaunchScreen.storyboard */,
				24A69EE028C969B900AF2536 /* Info.plist */,
			);
			path = Flix;
			sourceTree = "<group>";
		};
		24A69EE828C969B900AF2536 /* FlixTests */ = {
			isa = PBXGroup;
			children = (
				24A69EE928C969B900AF2536 /* FlixTests.swift */,
			);
			path = FlixTests;
			sourceTree = "<group>";
		};
		24A69EF228C969B900AF2536 /* FlixUITests */ = {
			isa = PBXGroup;
			children = (
				24A69EF328C969B900AF2536 /* FlixUITests.swift */,
				24A69EF528C969B900AF2536 /* FlixUITestsLaunchTests.swift */,
			);
			path = FlixUITests;
			sourceTree = "<group>";
		};
/* End PBXGroup section */

/* Begin PBXNativeTarget section */
		24A69ECE28C969B500AF2536 /* Flix */ = {
			isa = PBXNativeTarget;
			buildConfigurationList = 24A69EF928C969B900AF2536 /* Build configuration list for PBXNativeTarget "Flix" */;
			buildPhases = (
				24A69ECB28C969B500AF2536 /* Sources */,
				24A69ECC28C969B500AF2536 /* Frameworks */,
				24A69ECD28C969B500AF2536 /* Resources */,
			);
			buildRules = (
			);
			dependencies = (
			);
			name = Flix;
			packageProductDependencies = (
				24A69F0528C97B2900AF2536 /* AlamofireImage */,
			);
			productName = Flix;
			productReference = 24A69ECF28C969B500AF2536 /* Flix.app */;
			productType = "com.apple.product-type.application";
		};
		24A69EE428C969B900AF2536 /* FlixTests */ = {
			isa = PBXNativeTarget;
			buildConfigurationList = 24A69EFC28C969B900AF2536 /* Build configuration list for PBXNativeTarget "FlixTests" */;
			buildPhases = (
				24A69EE128C969B900AF2536 /* Sources */,
				24A69EE228C969B900AF2536 /* Frameworks */,
				24A69EE328C969B900AF2536 /* Resources */,
			);
			buildRules = (
			);
			dependencies = (
				24A69EE728C969B900AF2536 /* PBXTargetDependency */,
			);
			name = FlixTests;
			productName = FlixTests;
			productReference = 24A69EE528C969B900AF2536 /* FlixTests.xctest */;
			productType = "com.apple.product-type.bundle.unit-test";
		};
		24A69EEE28C969B900AF2536 /* FlixUITests */ = {
			isa = PBXNativeTarget;
			buildConfigurationList = 24A69EFF28C969B900AF2536 /* Build configuration list for PBXNativeTarget "FlixUITests" */;
			buildPhases = (
				24A69EEB28C969B900AF2536 /* Sources */,
				24A69EEC28C969B900AF2536 /* Frameworks */,
				24A69EED28C969B900AF2536 /* Resources */,
			);
			buildRules = (
			);
			dependencies = (
				24A69EF128C969B900AF2536 /* PBXTargetDependency */,
			);
			name = FlixUITests;
			productName = FlixUITests;
			productReference = 24A69EEF28C969B900AF2536 /* FlixUITests.xctest */;
			productType = "com.apple.product-type.bundle.ui-testing";
		};
/* End PBXNativeTarget section */

/* Begin PBXProject section */
		24A69EC728C969B500AF2536 /* Project object */ = {
			isa = PBXProject;
			attributes = {
				BuildIndependentTargetsInParallel = 1;
				LastSwiftUpdateCheck = 1340;
				LastUpgradeCheck = 1340;
				TargetAttributes = {
					24A69ECE28C969B500AF2536 = {
						CreatedOnToolsVersion = 13.4.1;
					};
					24A69EE428C969B900AF2536 = {
						CreatedOnToolsVersion = 13.4.1;
						TestTargetID = 24A69ECE28C969B500AF2536;
					};
					24A69EEE28C969B900AF2536 = {
						CreatedOnToolsVersion = 13.4.1;
						TestTargetID = 24A69ECE28C969B500AF2536;
					};
				};
			};
			buildConfigurationList = 24A69ECA28C969B500AF2536 /* Build configuration list for PBXProject "Flix" */;
			compatibilityVersion = "Xcode 13.0";
			developmentRegion = en;
			hasScannedForEncodings = 0;
			knownRegions = (
				en,
				Base,
			);
			mainGroup = 24A69EC628C969B500AF2536;
			packageReferences = (
				24A69F0428C97B2900AF2536 /* XCRemoteSwiftPackageReference "AlamofireImage" */,
			);
			productRefGroup = 24A69ED028C969B500AF2536 /* Products */;
			projectDirPath = "";
			projectRoot = "";
			targets = (
				24A69ECE28C969B500AF2536 /* Flix */,
				24A69EE428C969B900AF2536 /* FlixTests */,
				24A69EEE28C969B900AF2536 /* FlixUITests */,
			);
		};
/* End PBXProject section */

/* Begin PBXResourcesBuildPhase section */
		24A69ECD28C969B500AF2536 /* Resources */ = {
			isa = PBXResourcesBuildPhase;
			buildActionMask = 2147483647;
			files = (
				24A69EDF28C969B900AF2536 /* LaunchScreen.storyboard in Resources */,
				24A69EDC28C969B900AF2536 /* Assets.xcassets in Resources */,
				24A69EDA28C969B500AF2536 /* Main.storyboard in Resources */,
			);
			runOnlyForDeploymentPostprocessing = 0;
		};
		24A69EE328C969B900AF2536 /* Resources */ = {
			isa = PBXResourcesBuildPhase;
			buildActionMask = 2147483647;
			files = (
			);
			runOnlyForDeploymentPostprocessing = 0;
		};
		24A69EED28C969B900AF2536 /* Resources */ = {
			isa = PBXResourcesBuildPhase;
			buildActionMask = 2147483647;
			files = (
			);
			runOnlyForDeploymentPostprocessing = 0;
		};
/* End PBXResourcesBuildPhase section */

/* Begin PBXSourcesBuildPhase section */
		24A69ECB28C969B500AF2536 /* Sources */ = {
			isa = PBXSourcesBuildPhase;
			buildActionMask = 2147483647;
			files = (
				24A69ED728C969B500AF2536 /* MoviesViewController.swift in Sources */,
				24A69ED328C969B500AF2536 /* AppDelegate.swift in Sources */,
				24A69F0328C9761400AF2536 /* MovieCell.swift in Sources */,
				24A69ED528C969B500AF2536 /* SceneDelegate.swift in Sources */,
			);
			runOnlyForDeploymentPostprocessing = 0;
		};
		24A69EE128C969B900AF2536 /* Sources */ = {
			isa = PBXSourcesBuildPhase;
			buildActionMask = 2147483647;
			files = (
				24A69EEA28C969B900AF2536 /* FlixTests.swift in Sources */,
			);
			runOnlyForDeploymentPostprocessing = 0;
		};
		24A69EEB28C969B900AF2536 /* Sources */ = {
			isa = PBXSourcesBuildPhase;
			buildActionMask = 2147483647;
			files = (
				24A69EF428C969B900AF2536 /* FlixUITests.swift in Sources */,
				24A69EF628C969B900AF2536 /* FlixUITestsLaunchTests.swift in Sources */,
			);
			runOnlyForDeploymentPostprocessing = 0;
		};
/* End PBXSourcesBuildPhase section */

/* Begin PBXTargetDependency section */
		24A69EE728C969B900AF2536 /* PBXTargetDependency */ = {
			isa = PBXTargetDependency;
			target = 24A69ECE28C969B500AF2536 /* Flix */;
			targetProxy = 24A69EE628C969B900AF2536 /* PBXContainerItemProxy */;
		};
		24A69EF128C969B900AF2536 /* PBXTargetDependency */ = {
			isa = PBXTargetDependency;
			target = 24A69ECE28C969B500AF2536 /* Flix */;
			targetProxy = 24A69EF028C969B900AF2536 /* PBXContainerItemProxy */;
		};
/* End PBXTargetDependency section */

/* Begin PBXVariantGroup section */
		24A69ED828C969B500AF2536 /* Main.storyboard */ = {
			isa = PBXVariantGroup;
			children = (
				24A69ED928C969B500AF2536 /* Base */,
			);
			name = Main.storyboard;
			sourceTree = "<group>";
		};
		24A69EDD28C969B900AF2536 /* LaunchScreen.storyboard */ = {
			isa = PBXVariantGroup;
			children = (
				24A69EDE28C969B900AF2536 /* Base */,
			);
			name = LaunchScreen.storyboard;
			sourceTree = "<group>";
		};
/* End PBXVariantGroup section */

/* Begin XCBuildConfiguration section */
		24A69EF728C969B900AF2536 /* Debug */ = {
			isa = XCBuildConfiguration;
			buildSettings = {
				ALWAYS_SEARCH_USER_PATHS = NO;
				CLANG_ANALYZER_NONNULL = YES;
				CLANG_ANALYZER_NUMBER_OBJECT_CONVERSION = YES_AGGRESSIVE;
				CLANG_CXX_LANGUAGE_STANDARD = "gnu++17";
				CLANG_ENABLE_MODULES = YES;
				CLANG_ENABLE_OBJC_ARC = YES;
				CLANG_ENABLE_OBJC_WEAK = YES;
				CLANG_WARN_BLOCK_CAPTURE_AUTORELEASING = YES;
				CLANG_WARN_BOOL_CONVERSION = YES;
				CLANG_WARN_COMMA = YES;
				CLANG_WARN_CONSTANT_CONVERSION = YES;
				CLANG_WARN_DEPRECATED_OBJC_IMPLEMENTATIONS = YES;
				CLANG_WARN_DIRECT_OBJC_ISA_USAGE = YES_ERROR;
				CLANG_WARN_DOCUMENTATION_COMMENTS = YES;
				CLANG_WARN_EMPTY_BODY = YES;
				CLANG_WARN_ENUM_CONVERSION = YES;
				CLANG_WARN_INFINITE_RECURSION = YES;
				CLANG_WARN_INT_CONVERSION = YES;
				CLANG_WARN_NON_LITERAL_NULL_CONVERSION = YES;
				CLANG_WARN_OBJC_IMPLICIT_RETAIN_SELF = YES;
				CLANG_WARN_OBJC_LITERAL_CONVERSION = YES;
				CLANG_WARN_OBJC_ROOT_CLASS = YES_ERROR;
				CLANG_WARN_QUOTED_INCLUDE_IN_FRAMEWORK_HEADER = YES;
				CLANG_WARN_RANGE_LOOP_ANALYSIS = YES;
				CLANG_WARN_STRICT_PROTOTYPES = YES;
				CLANG_WARN_SUSPICIOUS_MOVE = YES;
				CLANG_WARN_UNGUARDED_AVAILABILITY = YES_AGGRESSIVE;
				CLANG_WARN_UNREACHABLE_CODE = YES;
				CLANG_WARN__DUPLICATE_METHOD_MATCH = YES;
				COPY_PHASE_STRIP = NO;
				DEBUG_INFORMATION_FORMAT = dwarf;
				ENABLE_STRICT_OBJC_MSGSEND = YES;
				ENABLE_TESTABILITY = YES;
				GCC_C_LANGUAGE_STANDARD = gnu11;
				GCC_DYNAMIC_NO_PIC = NO;
				GCC_NO_COMMON_BLOCKS = YES;
				GCC_OPTIMIZATION_LEVEL = 0;
				GCC_PREPROCESSOR_DEFINITIONS = (
					"DEBUG=1",
					"$(inherited)",
				);
				GCC_WARN_64_TO_32_BIT_CONVERSION = YES;
				GCC_WARN_ABOUT_RETURN_TYPE = YES_ERROR;
				GCC_WARN_UNDECLARED_SELECTOR = YES;
				GCC_WARN_UNINITIALIZED_AUTOS = YES_AGGRESSIVE;
				GCC_WARN_UNUSED_FUNCTION = YES;
				GCC_WARN_UNUSED_VARIABLE = YES;
				IPHONEOS_DEPLOYMENT_TARGET = 15.5;
				MTL_ENABLE_DEBUG_INFO = INCLUDE_SOURCE;
				MTL_FAST_MATH = YES;
				ONLY_ACTIVE_ARCH = YES;
				SDKROOT = iphoneos;
				SWIFT_ACTIVE_COMPILATION_CONDITIONS = DEBUG;
				SWIFT_OPTIMIZATION_LEVEL = "-Onone";
			};
			name = Debug;
		};
		24A69EF828C969B900AF2536 /* Release */ = {
			isa = XCBuildConfiguration;
			buildSettings = {
				ALWAYS_SEARCH_USER_PATHS = NO;
				CLANG_ANALYZER_NONNULL = YES;
				CLANG_ANALYZER_NUMBER_OBJECT_CONVERSION = YES_AGGRESSIVE;
				CLANG_CXX_LANGUAGE_STANDARD = "gnu++17";
				CLANG_ENABLE_MODULES = YES;
				CLANG_ENABLE_OBJC_ARC = YES;
				CLANG_ENABLE_OBJC_WEAK = YES;
				CLANG_WARN_BLOCK_CAPTURE_AUTORELEASING = YES;
				CLANG_WARN_BOOL_CONVERSION = YES;
				CLANG_WARN_COMMA = YES;
				CLANG_WARN_CONSTANT_CONVERSION = YES;
				CLANG_WARN_DEPRECATED_OBJC_IMPLEMENTATIONS = YES;
				CLANG_WARN_DIRECT_OBJC_ISA_USAGE = YES_ERROR;
				CLANG_WARN_DOCUMENTATION_COMMENTS = YES;
				CLANG_WARN_EMPTY_BODY = YES;
				CLANG_WARN_ENUM_CONVERSION = YES;
				CLANG_WARN_INFINITE_RECURSION = YES;
				CLANG_WARN_INT_CONVERSION = YES;
				CLANG_WARN_NON_LITERAL_NULL_CONVERSION = YES;
				CLANG_WARN_OBJC_IMPLICIT_RETAIN_SELF = YES;
				CLANG_WARN_OBJC_LITERAL_CONVERSION = YES;
				CLANG_WARN_OBJC_ROOT_CLASS = YES_ERROR;
				CLANG_WARN_QUOTED_INCLUDE_IN_FRAMEWORK_HEADER = YES;
				CLANG_WARN_RANGE_LOOP_ANALYSIS = YES;
				CLANG_WARN_STRICT_PROTOTYPES = YES;
				CLANG_WARN_SUSPICIOUS_MOVE = YES;
				CLANG_WARN_UNGUARDED_AVAILABILITY = YES_AGGRESSIVE;
				CLANG_WARN_UNREACHABLE_CODE = YES;
				CLANG_WARN__DUPLICATE_METHOD_MATCH = YES;
				COPY_PHASE_STRIP = NO;
				DEBUG_INFORMATION_FORMAT = "dwarf-with-dsym";
				ENABLE_NS_ASSERTIONS = NO;
				ENABLE_STRICT_OBJC_MSGSEND = YES;
				GCC_C_LANGUAGE_STANDARD = gnu11;
				GCC_NO_COMMON_BLOCKS = YES;
				GCC_WARN_64_TO_32_BIT_CONVERSION = YES;
				GCC_WARN_ABOUT_RETURN_TYPE = YES_ERROR;
				GCC_WARN_UNDECLARED_SELECTOR = YES;
				GCC_WARN_UNINITIALIZED_AUTOS = YES_AGGRESSIVE;
				GCC_WARN_UNUSED_FUNCTION = YES;
				GCC_WARN_UNUSED_VARIABLE = YES;
				IPHONEOS_DEPLOYMENT_TARGET = 15.5;
				MTL_ENABLE_DEBUG_INFO = NO;
				MTL_FAST_MATH = YES;
				SDKROOT = iphoneos;
				SWIFT_COMPILATION_MODE = wholemodule;
				SWIFT_OPTIMIZATION_LEVEL = "-O";
				VALIDATE_PRODUCT = YES;
			};
			name = Release;
		};
		24A69EFA28C969B900AF2536 /* Debug */ = {
			isa = XCBuildConfiguration;
			buildSettings = {
				ASSETCATALOG_COMPILER_APPICON_NAME = AppIcon;
				ASSETCATALOG_COMPILER_GLOBAL_ACCENT_COLOR_NAME = AccentColor;
				CODE_SIGN_STYLE = Automatic;
				CURRENT_PROJECT_VERSION = 1;
				DEVELOPMENT_TEAM = Q9V7D5V8SH;
				GENERATE_INFOPLIST_FILE = YES;
				INFOPLIST_FILE = Flix/Info.plist;
				INFOPLIST_KEY_UIApplicationSupportsIndirectInputEvents = YES;
				INFOPLIST_KEY_UILaunchStoryboardName = LaunchScreen;
				INFOPLIST_KEY_UIMainStoryboardFile = Main;
				INFOPLIST_KEY_UISupportedInterfaceOrientations_iPad = "UIInterfaceOrientationPortrait UIInterfaceOrientationPortraitUpsideDown UIInterfaceOrientationLandscapeLeft UIInterfaceOrientationLandscapeRight";
				INFOPLIST_KEY_UISupportedInterfaceOrientations_iPhone = "UIInterfaceOrientationPortrait UIInterfaceOrientationLandscapeLeft UIInterfaceOrientationLandscapeRight";
				LD_RUNPATH_SEARCH_PATHS = (
					"$(inherited)",
					"@executable_path/Frameworks",
				);
				MARKETING_VERSION = 1.0;
				PRODUCT_BUNDLE_IDENTIFIER = jb.Flix;
				PRODUCT_NAME = "$(TARGET_NAME)";
				SWIFT_EMIT_LOC_STRINGS = YES;
				SWIFT_VERSION = 5.0;
				TARGETED_DEVICE_FAMILY = "1,2";
			};
			name = Debug;
		};
		24A69EFB28C969B900AF2536 /* Release */ = {
			isa = XCBuildConfiguration;
			buildSettings = {
				ASSETCATALOG_COMPILER_APPICON_NAME = AppIcon;
				ASSETCATALOG_COMPILER_GLOBAL_ACCENT_COLOR_NAME = AccentColor;
				CODE_SIGN_STYLE = Automatic;
				CURRENT_PROJECT_VERSION = 1;
				DEVELOPMENT_TEAM = Q9V7D5V8SH;
				GENERATE_INFOPLIST_FILE = YES;
				INFOPLIST_FILE = Flix/Info.plist;
				INFOPLIST_KEY_UIApplicationSupportsIndirectInputEvents = YES;
				INFOPLIST_KEY_UILaunchStoryboardName = LaunchScreen;
				INFOPLIST_KEY_UIMainStoryboardFile = Main;
				INFOPLIST_KEY_UISupportedInterfaceOrientations_iPad = "UIInterfaceOrientationPortrait UIInterfaceOrientationPortraitUpsideDown UIInterfaceOrientationLandscapeLeft UIInterfaceOrientationLandscapeRight";
				INFOPLIST_KEY_UISupportedInterfaceOrientations_iPhone = "UIInterfaceOrientationPortrait UIInterfaceOrientationLandscapeLeft UIInterfaceOrientationLandscapeRight";
				LD_RUNPATH_SEARCH_PATHS = (
					"$(inherited)",
					"@executable_path/Frameworks",
				);
				MARKETING_VERSION = 1.0;
				PRODUCT_BUNDLE_IDENTIFIER = jb.Flix;
				PRODUCT_NAME = "$(TARGET_NAME)";
				SWIFT_EMIT_LOC_STRINGS = YES;
				SWIFT_VERSION = 5.0;
				TARGETED_DEVICE_FAMILY = "1,2";
			};
			name = Release;
		};
		24A69EFD28C969B900AF2536 /* Debug */ = {
			isa = XCBuildConfiguration;
			buildSettings = {
				ALWAYS_EMBED_SWIFT_STANDARD_LIBRARIES = YES;
				BUNDLE_LOADER = "$(TEST_HOST)";
				CODE_SIGN_STYLE = Automatic;
				CURRENT_PROJECT_VERSION = 1;
				DEVELOPMENT_TEAM = Q9V7D5V8SH;
				GENERATE_INFOPLIST_FILE = YES;
				IPHONEOS_DEPLOYMENT_TARGET = 15.5;
				MARKETING_VERSION = 1.0;
				PRODUCT_BUNDLE_IDENTIFIER = jb.FlixTests;
				PRODUCT_NAME = "$(TARGET_NAME)";
				SWIFT_EMIT_LOC_STRINGS = NO;
				SWIFT_VERSION = 5.0;
				TARGETED_DEVICE_FAMILY = "1,2";
				TEST_HOST = "$(BUILT_PRODUCTS_DIR)/Flix.app/Flix";
			};
			name = Debug;
		};
		24A69EFE28C969B900AF2536 /* Release */ = {
			isa = XCBuildConfiguration;
			buildSettings = {
				ALWAYS_EMBED_SWIFT_STANDARD_LIBRARIES = YES;
				BUNDLE_LOADER = "$(TEST_HOST)";
				CODE_SIGN_STYLE = Automatic;
				CURRENT_PROJECT_VERSION = 1;
				DEVELOPMENT_TEAM = Q9V7D5V8SH;
				GENERATE_INFOPLIST_FILE = YES;
				IPHONEOS_DEPLOYMENT_TARGET = 15.5;
				MARKETING_VERSION = 1.0;
				PRODUCT_BUNDLE_IDENTIFIER = jb.FlixTests;
				PRODUCT_NAME = "$(TARGET_NAME)";
				SWIFT_EMIT_LOC_STRINGS = NO;
				SWIFT_VERSION = 5.0;
				TARGETED_DEVICE_FAMILY = "1,2";
				TEST_HOST = "$(BUILT_PRODUCTS_DIR)/Flix.app/Flix";
			};
			name = Release;
		};
		24A69F0028C969B900AF2536 /* Debug */ = {
			isa = XCBuildConfiguration;
			buildSettings = {
				ALWAYS_EMBED_SWIFT_STANDARD_LIBRARIES = YES;
				CODE_SIGN_STYLE = Automatic;
				CURRENT_PROJECT_VERSION = 1;
				DEVELOPMENT_TEAM = Q9V7D5V8SH;
				GENERATE_INFOPLIST_FILE = YES;
				MARKETING_VERSION = 1.0;
				PRODUCT_BUNDLE_IDENTIFIER = jb.FlixUITests;
				PRODUCT_NAME = "$(TARGET_NAME)";
				SWIFT_EMIT_LOC_STRINGS = NO;
				SWIFT_VERSION = 5.0;
				TARGETED_DEVICE_FAMILY = "1,2";
				TEST_TARGET_NAME = Flix;
			};
			name = Debug;
		};
		24A69F0128C969B900AF2536 /* Release */ = {
			isa = XCBuildConfiguration;
			buildSettings = {
				ALWAYS_EMBED_SWIFT_STANDARD_LIBRARIES = YES;
				CODE_SIGN_STYLE = Automatic;
				CURRENT_PROJECT_VERSION = 1;
				DEVELOPMENT_TEAM = Q9V7D5V8SH;
				GENERATE_INFOPLIST_FILE = YES;
				MARKETING_VERSION = 1.0;
				PRODUCT_BUNDLE_IDENTIFIER = jb.FlixUITests;
				PRODUCT_NAME = "$(TARGET_NAME)";
				SWIFT_EMIT_LOC_STRINGS = NO;
				SWIFT_VERSION = 5.0;
				TARGETED_DEVICE_FAMILY = "1,2";
				TEST_TARGET_NAME = Flix;
			};
			name = Release;
		};
/* End XCBuildConfiguration section */

/* Begin XCConfigurationList section */
		24A69ECA28C969B500AF2536 /* Build configuration list for PBXProject "Flix" */ = {
			isa = XCConfigurationList;
			buildConfigurations = (
				24A69EF728C969B900AF2536 /* Debug */,
				24A69EF828C969B900AF2536 /* Release */,
			);
			defaultConfigurationIsVisible = 0;
			defaultConfigurationName = Release;
		};
		24A69EF928C969B900AF2536 /* Build configuration list for PBXNativeTarget "Flix" */ = {
			isa = XCConfigurationList;
			buildConfigurations = (
				24A69EFA28C969B900AF2536 /* Debug */,
				24A69EFB28C969B900AF2536 /* Release */,
			);
			defaultConfigurationIsVisible = 0;
			defaultConfigurationName = Release;
		};
		24A69EFC28C969B900AF2536 /* Build configuration list for PBXNativeTarget "FlixTests" */ = {
			isa = XCConfigurationList;
			buildConfigurations = (
				24A69EFD28C969B900AF2536 /* Debug */,
				24A69EFE28C969B900AF2536 /* Release */,
			);
			defaultConfigurationIsVisible = 0;
			defaultConfigurationName = Release;
		};
		24A69EFF28C969B900AF2536 /* Build configuration list for PBXNativeTarget "FlixUITests" */ = {
			isa = XCConfigurationList;
			buildConfigurations = (
				24A69F0028C969B900AF2536 /* Debug */,
				24A69F0128C969B900AF2536 /* Release */,
			);
			defaultConfigurationIsVisible = 0;
			defaultConfigurationName = Release;
		};
/* End XCConfigurationList section */

/* Begin XCRemoteSwiftPackageReference section */
		24A69F0428C97B2900AF2536 /* XCRemoteSwiftPackageReference "AlamofireImage" */ = {
			isa = XCRemoteSwiftPackageReference;
			repositoryURL = "https://github.com/Alamofire/AlamofireImage";
			requirement = {
				kind = upToNextMajorVersion;
				minimumVersion = 4.0.0;
			};
		};
/* End XCRemoteSwiftPackageReference section */

/* Begin XCSwiftPackageProductDependency section */
		24A69F0528C97B2900AF2536 /* AlamofireImage */ = {
			isa = XCSwiftPackageProductDependency;
			package = 24A69F0428C97B2900AF2536 /* XCRemoteSwiftPackageReference "AlamofireImage" */;
			productName = AlamofireImage;
		};
/* End XCSwiftPackageProductDependency section */
	};
	rootObject = 24A69EC728C969B500AF2536 /* Project object */;
}
